# This file is autogenerated, do not edit; changes may be undone by the next 'dep ensure'.


[[projects]]
  name = "github.com/zserge/webview"
  packages = ["."]
  revision = "016c6ffd99f3ba915aea2b026d17e0918322f99b"
  version = "0.1.0"

[solve-meta]
  analyzer-name = "dep"
  analyzer-version = 1
  inputs-digest = "c63e38697e95f24453b5bebf5bb3887f28c60273df6402fc93255c84a4c8ec25"
  solver-name = "gps-cdcl"
  solver-version = 1
