# This file is autogenerated, do not edit; changes may be undone by the next 'dep ensure'.


[[projects]]
  name = "github.com/zserge/webview"
  packages = ["."]
  revision = "016c6ffd99f3ba915aea2b026d17e0918322f99b"
  version = "0.1.0"

[solve-meta]
  analyzer-name = "dep"
  analyzer-version = 1
  inputs-digest = "4627b7fedc3b3f51ef3673249b7c1ca2f06ef467da216d50b3e5e3c514a1ec7d"
  solver-name = "gps-cdcl"
  solver-version = 1
